
Microsoft Visual Studio Solution File, Format Version 12.00
# Visual Studio Version 17
VisualStudioVersion = 17.5.002.0
MinimumVisualStudioVersion = 10.0.40219.1
Project("{9A19103F-16F7-4668-BE54-9A1E7A4F7556}") = "estacionamento.v.02", "estacionamento.v.02.csproj", "{FE961275-06DA-48B6-A6B3-7EAEFFD3CB0B}"
EndProject
Global
	GlobalSection(SolutionConfigurationPlatforms) = preSolution
		Debug|Any CPU = Debug|Any CPU
		Release|Any CPU = Release|Any CPU
	EndGlobalSection
	GlobalSection(ProjectConfigurationPlatforms) = postSolution
		{FE961275-06DA-48B6-A6B3-7EAEFFD3CB0B}.Debug|Any CPU.ActiveCfg = Debug|Any CPU
		{FE961275-06DA-48B6-A6B3-7EAEFFD3CB0B}.Debug|Any CPU.Build.0 = Debug|Any CPU
		{FE961275-06DA-48B6-A6B3-7EAEFFD3CB0B}.Release|Any CPU.ActiveCfg = Release|Any CPU
		{FE961275-06DA-48B6-A6B3-7EAEFFD3CB0B}.Release|Any CPU.Build.0 = Release|Any CPU
	EndGlobalSection
	GlobalSection(SolutionProperties) = preSolution
		HideSolutionNode = FALSE
	EndGlobalSection
	GlobalSection(ExtensibilityGlobals) = postSolution
		SolutionGuid = {BFAACD7B-81BA-46EB-990C-63BF945F26B2}
	EndGlobalSection
EndGlobal
